// !$*UTF8*$!
{
	archiveVersion = 1;
	classes = {
	};
	objectVersion = 46;
	objects = {

/* Begin PBXBuildFile section */
		D99279631BA3D172001A9986 /* AppDelegate.swift in Sources */ = {isa = PBXBuildFile; fileRef = D99279621BA3D172001A9986 /* AppDelegate.swift */; };
		D99279661BA3D172001A9986 /* Destinator.xcdatamodeld in Sources */ = {isa = PBXBuildFile; fileRef = D99279641BA3D172001A9986 /* Destinator.xcdatamodeld */; };
		D99279681BA3D172001A9986 /* ViewController.swift in Sources */ = {isa = PBXBuildFile; fileRef = D99279671BA3D172001A9986 /* ViewController.swift */; };
		D992796B1BA3D172001A9986 /* Main.storyboard in Resources */ = {isa = PBXBuildFile; fileRef = D99279691BA3D172001A9986 /* Main.storyboard */; };
		D992796D1BA3D172001A9986 /* Images.xcassets in Resources */ = {isa = PBXBuildFile; fileRef = D992796C1BA3D172001A9986 /* Images.xcassets */; };
		D99279701BA3D172001A9986 /* LaunchScreen.xib in Resources */ = {isa = PBXBuildFile; fileRef = D992796E1BA3D172001A9986 /* LaunchScreen.xib */; };
		D992797C1BA3D172001A9986 /* DestinatorTests.swift in Sources */ = {isa = PBXBuildFile; fileRef = D992797B1BA3D172001A9986 /* DestinatorTests.swift */; };
/* End PBXBuildFile section */

/* Begin PBXContainerItemProxy section */
		D99279761BA3D172001A9986 /* PBXContainerItemProxy */ = {
			isa = PBXContainerItemProxy;
			containerPortal = D99279551BA3D172001A9986 /* Project object */;
			proxyType = 1;
			remoteGlobalIDString = D992795C1BA3D172001A9986;
			remoteInfo = Destinator;
		};
/* End PBXContainerItemProxy section */

/* Begin PBXFileReference section */
		D992795D1BA3D172001A9986 /* Destinator.app */ = {isa = PBXFileReference; explicitFileType = wrapper.application; includeInIndex = 0; path = Destinator.app; sourceTree = BUILT_PRODUCTS_DIR; };
		D99279611BA3D172001A9986 /* Info.plist */ = {isa = PBXFileReference; lastKnownFileType = text.plist.xml; path = Info.plist; sourceTree = "<group>"; };
		D99279621BA3D172001A9986 /* AppDelegate.swift */ = {isa = PBXFileReference; lastKnownFileType = sourcecode.swift; path = AppDelegate.swift; sourceTree = "<group>"; };
		D99279651BA3D172001A9986 /* Destinator.xcdatamodel */ = {isa = PBXFileReference; lastKnownFileType = wrapper.xcdatamodel; path = Destinator.xcdatamodel; sourceTree = "<group>"; };
		D99279671BA3D172001A9986 /* ViewController.swift */ = {isa = PBXFileReference; lastKnownFileType = sourcecode.swift; path = ViewController.swift; sourceTree = "<group>"; };
		D992796A1BA3D172001A9986 /* Base */ = {isa = PBXFileReference; lastKnownFileType = file.storyboard; name = Base; path = Base.lproj/Main.storyboard; sourceTree = "<group>"; };
		D992796C1BA3D172001A9986 /* Images.xcassets */ = {isa = PBXFileReference; lastKnownFileType = folder.assetcatalog; path = Images.xcassets; sourceTree = "<group>"; };
		D992796F1BA3D172001A9986 /* Base */ = {isa = PBXFileReference; lastKnownFileType = file.xib; name = Base; path = Base.lproj/LaunchScreen.xib; sourceTree = "<group>"; };
		D99279751BA3D172001A9986 /* DestinatorTests.xctest */ = {isa = PBXFileReference; explicitFileType = wrapper.cfbundle; includeInIndex = 0; path = DestinatorTests.xctest; sourceTree = BUILT_PRODUCTS_DIR; };
		D992797A1BA3D172001A9986 /* Info.plist */ = {isa = PBXFileReference; lastKnownFileType = text.plist.xml; path = Info.plist; sourceTree = "<group>"; };
		D992797B1BA3D172001A9986 /* DestinatorTests.swift */ = {isa = PBXFileReference; lastKnownFileType = sourcecode.swift; path = DestinatorTests.swift; sourceTree = "<group>"; };
/* End PBXFileReference section */

/* Begin PBXFrameworksBuildPhase section */
		D992795A1BA3D172001A9986 /* Frameworks */ = {
			isa = PBXFrameworksBuildPhase;
			buildActionMask = 2147483647;
			files = (
			);
			runOnlyForDeploymentPostprocessing = 0;
		};
		D99279721BA3D172001A9986 /* Frameworks */ = {
			isa = PBXFrameworksBuildPhase;
			buildActionMask = 2147483647;
			files = (
			);
			runOnlyForDeploymentPostprocessing = 0;
		};
/* End PBXFrameworksBuildPhase section */

/* Begin PBXGroup section */
		D99279541BA3D172001A9986 = {
			isa = PBXGroup;
			children = (
				D992795F1BA3D172001A9986 /* Destinator */,
				D99279781BA3D172001A9986 /* DestinatorTests */,
				D992795E1BA3D172001A9986 /* Products */,
			);
			sourceTree = "<group>";
		};
		D992795E1BA3D172001A9986 /* Products */ = {
			isa = PBXGroup;
			children = (
				D992795D1BA3D172001A9986 /* Destinator.app */,
				D99279751BA3D172001A9986 /* DestinatorTests.xctest */,
			);
			name = Products;
			sourceTree = "<group>";
		};
		D992795F1BA3D172001A9986 /* Destinator */ = {
			isa = PBXGroup;
			children = (
				D99279621BA3D172001A9986 /* AppDelegate.swift */,
				D99279671BA3D172001A9986 /* ViewController.swift */,
				D99279691BA3D172001A9986 /* Main.storyboard */,
				D992796C1BA3D172001A9986 /* Images.xcassets */,
				D992796E1BA3D172001A9986 /* LaunchScreen.xib */,
				D99279641BA3D172001A9986 /* Destinator.xcdatamodeld */,
				D99279601BA3D172001A9986 /* Supporting Files */,
			);
			path = Destinator;
			sourceTree = "<group>";
		};
		D99279601BA3D172001A9986 /* Supporting Files */ = {
			isa = PBXGroup;
			children = (
				D99279611BA3D172001A9986 /* Info.plist */,
			);
			name = "Supporting Files";
			sourceTree = "<group>";
		};
		D99279781BA3D172001A9986 /* DestinatorTests */ = {
			isa = PBXGroup;
			children = (
				D992797B1BA3D172001A9986 /* DestinatorTests.swift */,
				D99279791BA3D172001A9986 /* Supporting Files */,
			);
			path = DestinatorTests;
			sourceTree = "<group>";
		};
		D99279791BA3D172001A9986 /* Supporting Files */ = {
			isa = PBXGroup;
			children = (
				D992797A1BA3D172001A9986 /* Info.plist */,
			);
			name = "Supporting Files";
			sourceTree = "<group>";
		};
/* End PBXGroup section */

/* Begin PBXNativeTarget section */
		D992795C1BA3D172001A9986 /* Destinator */ = {
			isa = PBXNativeTarget;
			buildConfigurationList = D992797F1BA3D172001A9986 /* Build configuration list for PBXNativeTarget "Destinator" */;
			buildPhases = (
				D99279591BA3D172001A9986 /* Sources */,
				D992795A1BA3D172001A9986 /* Frameworks */,
				D992795B1BA3D172001A9986 /* Resources */,
			);
			buildRules = (
			);
			dependencies = (
			);
			name = Destinator;
			productName = Destinator;
			productReference = D992795D1BA3D172001A9986 /* Destinator.app */;
			productType = "com.apple.product-type.application";
		};
		D99279741BA3D172001A9986 /* DestinatorTests */ = {
			isa = PBXNativeTarget;
			buildConfigurationList = D99279821BA3D172001A9986 /* Build configuration list for PBXNativeTarget "DestinatorTests" */;
			buildPhases = (
				D99279711BA3D172001A9986 /* Sources */,
				D99279721BA3D172001A9986 /* Frameworks */,
				D99279731BA3D172001A9986 /* Resources */,
			);
			buildRules = (
			);
			dependencies = (
				D99279771BA3D172001A9986 /* PBXTargetDependency */,
			);
			name = DestinatorTests;
			productName = DestinatorTests;
			productReference = D99279751BA3D172001A9986 /* DestinatorTests.xctest */;
			productType = "com.apple.product-type.bundle.unit-test";
		};
/* End PBXNativeTarget section */

/* Begin PBXProject section */
		D99279551BA3D172001A9986 /* Project object */ = {
			isa = PBXProject;
			attributes = {
				LastUpgradeCheck = 0640;
				ORGANIZATIONNAME = "Christopher Gonzalez";
				TargetAttributes = {
					D992795C1BA3D172001A9986 = {
						CreatedOnToolsVersion = 6.4;
					};
					D99279741BA3D172001A9986 = {
						CreatedOnToolsVersion = 6.4;
						TestTargetID = D992795C1BA3D172001A9986;
					};
				};
			};
			buildConfigurationList = D99279581BA3D172001A9986 /* Build configuration list for PBXProject "Destinator" */;
			compatibilityVersion = "Xcode 3.2";
			developmentRegion = English;
			hasScannedForEncodings = 0;
			knownRegions = (
				en,
				Base,
			);
			mainGroup = D99279541BA3D172001A9986;
			productRefGroup = D992795E1BA3D172001A9986 /* Products */;
			projectDirPath = "";
			projectRoot = "";
			targets = (
				D992795C1BA3D172001A9986 /* Destinator */,
				D99279741BA3D172001A9986 /* DestinatorTests */,
			);
		};
/* End PBXProject section */

/* Begin PBXResourcesBuildPhase section */
		D992795B1BA3D172001A9986 /* Resources */ = {
			isa = PBXResourcesBuildPhase;
			buildActionMask = 2147483647;
			files = (
				D992796B1BA3D172001A9986 /* Main.storyboard in Resources */,
				D99279701BA3D172001A9986 /* LaunchScreen.xib in Resources */,
				D992796D1BA3D172001A9986 /* Images.xcassets in Resources */,
			);
			runOnlyForDeploymentPostprocessing = 0;
		};
		D99279731BA3D172001A9986 /* Resources */ = {
			isa = PBXResourcesBuildPhase;
			buildActionMask = 2147483647;
			files = (
			);
			runOnlyForDeploymentPostprocessing = 0;
		};
/* End PBXResourcesBuildPhase section */

/* Begin PBXSourcesBuildPhase section */
		D99279591BA3D172001A9986 /* Sources */ = {
			isa = PBXSourcesBuildPhase;
			buildActionMask = 2147483647;
			files = (
				D99279681BA3D172001A9986 /* ViewController.swift in Sources */,
				D99279661BA3D172001A9986 /* Destinator.xcdatamodeld in Sources */,
				D99279631BA3D172001A9986 /* AppDelegate.swift in Sources */,
			);
			runOnlyForDeploymentPostprocessing = 0;
		};
		D99279711BA3D172001A9986 /* Sources */ = {
			isa = PBXSourcesBuildPhase;
			buildActionMask = 2147483647;
			files = (
				D992797C1BA3D172001A9986 /* DestinatorTests.swift in Sources */,
			);
			runOnlyForDeploymentPostprocessing = 0;
		};
/* End PBXSourcesBuildPhase section */

/* Begin PBXTargetDependency section */
		D99279771BA3D172001A9986 /* PBXTargetDependency */ = {
			isa = PBXTargetDependency;
			target = D992795C1BA3D172001A9986 /* Destinator */;
			targetProxy = D99279761BA3D172001A9986 /* PBXContainerItemProxy */;
		};
/* End PBXTargetDependency section */

/* Begin PBXVariantGroup section */
		D99279691BA3D172001A9986 /* Main.storyboard */ = {
			isa = PBXVariantGroup;
			children = (
				D992796A1BA3D172001A9986 /* Base */,
			);
			name = Main.storyboard;
			sourceTree = "<group>";
		};
		D992796E1BA3D172001A9986 /* LaunchScreen.xib */ = {
			isa = PBXVariantGroup;
			children = (
				D992796F1BA3D172001A9986 /* Base */,
			);
			name = LaunchScreen.xib;
			sourceTree = "<group>";
		};
/* End PBXVariantGroup section */

/* Begin XCBuildConfiguration section */
		D992797D1BA3D172001A9986 /* Debug */ = {
			isa = XCBuildConfiguration;
			buildSettings = {
				ALWAYS_SEARCH_USER_PATHS = NO;
				CLANG_CXX_LANGUAGE_STANDARD = "gnu++0x";
				CLANG_CXX_LIBRARY = "libc++";
				CLANG_ENABLE_MODULES = YES;
				CLANG_ENABLE_OBJC_ARC = YES;
				CLANG_WARN_BOOL_CONVERSION = YES;
				CLANG_WARN_CONSTANT_CONVERSION = YES;
				CLANG_WARN_DIRECT_OBJC_ISA_USAGE = YES_ERROR;
				CLANG_WARN_EMPTY_BODY = YES;
				CLANG_WARN_ENUM_CONVERSION = YES;
				CLANG_WARN_INT_CONVERSION = YES;
				CLANG_WARN_OBJC_ROOT_CLASS = YES_ERROR;
				CLANG_WARN_UNREACHABLE_CODE = YES;
				CLANG_WARN__DUPLICATE_METHOD_MATCH = YES;
				"CODE_SIGN_IDENTITY[sdk=iphoneos*]" = "iPhone Developer";
				COPY_PHASE_STRIP = NO;
				DEBUG_INFORMATION_FORMAT = "dwarf-with-dsym";
				ENABLE_STRICT_OBJC_MSGSEND = YES;
				GCC_C_LANGUAGE_STANDARD = gnu99;
				GCC_DYNAMIC_NO_PIC = NO;
				GCC_NO_COMMON_BLOCKS = YES;
				GCC_OPTIMIZATION_LEVEL = 0;
				GCC_PREPROCESSOR_DEFINITIONS = (
					"DEBUG=1",
					"$(inherited)",
				);
				GCC_SYMBOLS_PRIVATE_EXTERN = NO;
				GCC_WARN_64_TO_32_BIT_CONVERSION = YES;
				GCC_WARN_ABOUT_RETURN_TYPE = YES_ERROR;
				GCC_WARN_UNDECLARED_SELECTOR = YES;
				GCC_WARN_UNINITIALIZED_AUTOS = YES_AGGRESSIVE;
				GCC_WARN_UNUSED_FUNCTION = YES;
				GCC_WARN_UNUSED_VARIABLE = YES;
				IPHONEOS_DEPLOYMENT_TARGET = 8.4;
				MTL_ENABLE_DEBUG_INFO = YES;
				ONLY_ACTIVE_ARCH = YES;
				SDKROOT = iphoneos;
				SWIFT_OPTIMIZATION_LEVEL = "-Onone";
			};
			name = Debug;
		};
		D992797E1BA3D172001A9986 /* Release */ = {
			isa = XCBuildConfiguration;
			buildSettings = {
				ALWAYS_SEARCH_USER_PATHS = NO;
				CLANG_CXX_LANGUAGE_STANDARD = "gnu++0x";
				CLANG_CXX_LIBRARY = "libc++";
				CLANG_ENABLE_MODULES = YES;
				CLANG_ENABLE_OBJC_ARC = YES;
				CLANG_WARN_BOOL_CONVERSION = YES;
				CLANG_WARN_CONSTANT_CONVERSION = YES;
				CLANG_WARN_DIRECT_OBJC_ISA_USAGE = YES_ERROR;
				CLANG_WARN_EMPTY_BODY = YES;
				CLANG_WARN_ENUM_CONVERSION = YES;
				CLANG_WARN_INT_CONVERSION = YES;
				CLANG_WARN_OBJC_ROOT_CLASS = YES_ERROR;
				CLANG_WARN_UNREACHABLE_CODE = YES;
				CLANG_WARN__DUPLICATE_METHOD_MATCH = YES;
				"CODE_SIGN_IDENTITY[sdk=iphoneos*]" = "iPhone Developer";
				COPY_PHASE_STRIP = NO;
				DEBUG_INFORMATION_FORMAT = "dwarf-with-dsym";
				ENABLE_NS_ASSERTIONS = NO;
				ENABLE_STRICT_OBJC_MSGSEND = YES;
				GCC_C_LANGUAGE_STANDARD = gnu99;
				GCC_NO_COMMON_BLOCKS = YES;
				GCC_WARN_64_TO_32_BIT_CONVERSION = YES;
				GCC_WARN_ABOUT_RETURN_TYPE = YES_ERROR;
				GCC_WARN_UNDECLARED_SELECTOR = YES;
				GCC_WARN_UNINITIALIZED_AUTOS = YES_AGGRESSIVE;
				GCC_WARN_UNUSED_FUNCTION = YES;
				GCC_WARN_UNUSED_VARIABLE = YES;
				IPHONEOS_DEPLOYMENT_TARGET = 8.4;
				MTL_ENABLE_DEBUG_INFO = NO;
				SDKROOT = iphoneos;
				VALIDATE_PRODUCT = YES;
			};
			name = Release;
		};
		D99279801BA3D172001A9986 /* Debug */ = {
			isa = XCBuildConfiguration;
			buildSettings = {
				ASSETCATALOG_COMPILER_APPICON_NAME = AppIcon;
				INFOPLIST_FILE = Destinator/Info.plist;
				LD_RUNPATH_SEARCH_PATHS = "$(inherited) @executable_path/Frameworks";
				PRODUCT_NAME = "$(TARGET_NAME)";
			};
			name = Debug;
		};
		D99279811BA3D172001A9986 /* Release */ = {
			isa = XCBuildConfiguration;
			buildSettings = {
				ASSETCATALOG_COMPILER_APPICON_NAME = AppIcon;
				INFOPLIST_FILE = Destinator/Info.plist;
				LD_RUNPATH_SEARCH_PATHS = "$(inherited) @executable_path/Frameworks";
				PRODUCT_NAME = "$(TARGET_NAME)";
			};
			name = Release;
		};
		D99279831BA3D172001A9986 /* Debug */ = {
			isa = XCBuildConfiguration;
			buildSettings = {
				BUNDLE_LOADER = "$(TEST_HOST)";
				FRAMEWORK_SEARCH_PATHS = (
					"$(SDKROOT)/Developer/Library/Frameworks",
					"$(inherited)",
				);
				GCC_PREPROCESSOR_DEFINITIONS = (
					"DEBUG=1",
					"$(inherited)",
				);
				INFOPLIST_FILE = DestinatorTests/Info.plist;
				LD_RUNPATH_SEARCH_PATHS = "$(inherited) @executable_path/Frameworks @loader_path/Frameworks";
				PRODUCT_NAME = "$(TARGET_NAME)";
				TEST_HOST = "$(BUILT_PRODUCTS_DIR)/Destinator.app/Destinator";
			};
			name = Debug;
		};
		D99279841BA3D172001A9986 /* Release */ = {
			isa = XCBuildConfiguration;
			buildSettings = {
				BUNDLE_LOADER = "$(TEST_HOST)";
				FRAMEWORK_SEARCH_PATHS = (
					"$(SDKROOT)/Developer/Library/Frameworks",
					"$(inherited)",
				);
				INFOPLIST_FILE = DestinatorTests/Info.plist;
				LD_RUNPATH_SEARCH_PATHS = "$(inherited) @executable_path/Frameworks @loader_path/Frameworks";
				PRODUCT_NAME = "$(TARGET_NAME)";
				TEST_HOST = "$(BUILT_PRODUCTS_DIR)/Destinator.app/Destinator";
			};
			name = Release;
		};
/* End XCBuildConfiguration section */

/* Begin XCConfigurationList section */
		D99279581BA3D172001A9986 /* Build configuration list for PBXProject "Destinator" */ = {
			isa = XCConfigurationList;
			buildConfigurations = (
				D992797D1BA3D172001A9986 /* Debug */,
				D992797E1BA3D172001A9986 /* Release */,
			);
			defaultConfigurationIsVisible = 0;
			defaultConfigurationName = Release;
		};
		D992797F1BA3D172001A9986 /* Build configuration list for PBXNativeTarget "Destinator" */ = {
			isa = XCConfigurationList;
			buildConfigurations = (
				D99279801BA3D172001A9986 /* Debug */,
				D99279811BA3D172001A9986 /* Release */,
			);
			defaultConfigurationIsVisible = 0;
		};
		D99279821BA3D172001A9986 /* Build configuration list for PBXNativeTarget "DestinatorTests" */ = {
			isa = XCConfigurationList;
			buildConfigurations = (
				D99279831BA3D172001A9986 /* Debug */,
				D99279841BA3D172001A9986 /* Release */,
			);
			defaultConfigurationIsVisible = 0;
		};
/* End XCConfigurationList section */

/* Begin XCVersionGroup section */
		D99279641BA3D172001A9986 /* Destinator.xcdatamodeld */ = {
			isa = XCVersionGroup;
			children = (
				D99279651BA3D172001A9986 /* Destinator.xcdatamodel */,
			);
			currentVersion = D99279651BA3D172001A9986 /* Destinator.xcdatamodel */;
			path = Destinator.xcdatamodeld;
			sourceTree = "<group>";
			versionGroupType = wrapper.xcdatamodel;
		};
/* End XCVersionGroup section */
	};
	rootObject = D99279551BA3D172001A9986 /* Project object */;
}
